// !$*UTF8*$!
{
	archiveVersion = 1;
	classes = {
	};
	objectVersion = 46;
	objects = {

/* Begin PBXBuildFile section */
		C202B4931B04CDAF00F4078C /* HMBlend.m in Sources */ = {isa = PBXBuildFile; fileRef = C202B4921B04CDAF00F4078C /* HMBlend.m */; };
		C2076A001B062500005B5FE4 /* HMProxy.h in Headers */ = {isa = PBXBuildFile; fileRef = C20769FE1B062500005B5FE4 /* HMProxy.h */; };
		C2076A011B062500005B5FE4 /* HMProxy.m in Sources */ = {isa = PBXBuildFile; fileRef = C20769FF1B062500005B5FE4 /* HMProxy.m */; };
		C2076A041B063DE3005B5FE4 /* HMCallbackDelegate.h in Headers */ = {isa = PBXBuildFile; fileRef = C2076A031B063DE3005B5FE4 /* HMCallbackDelegate.h */; };
		C2076A061B063DF4005B5FE4 /* HMCallbackDelegate.m in Sources */ = {isa = PBXBuildFile; fileRef = C2076A051B063DF4005B5FE4 /* HMCallbackDelegate.m */; };
		C2076A091B0652D9005B5FE4 /* HMCleanup.h in Headers */ = {isa = PBXBuildFile; fileRef = C2076A071B0652D9005B5FE4 /* HMCleanup.h */; };
		C21BA6FE18801B82000ED62E /* HMString.h in Headers */ = {isa = PBXBuildFile; fileRef = C21BA6FC18801B82000ED62E /* HMString.h */; settings = {ATTRIBUTES = (Public, ); }; };
		C21BA6FF18801B82000ED62E /* HMString.m in Sources */ = {isa = PBXBuildFile; fileRef = C21BA6FD18801B82000ED62E /* HMString.m */; };
		C21E6C4C1655BEBC00FDE5C8 /* UIViewController+HMControllerUtil.m in Sources */ = {isa = PBXBuildFile; fileRef = C21E6C4B1655BEBC00FDE5C8 /* UIViewController+HMControllerUtil.m */; };
		C2247DE51BA9CCE700391D7D /* UIButton+HMButtonUtil.h in Headers */ = {isa = PBXBuildFile; fileRef = C2247DE31BA9CCE700391D7D /* UIButton+HMButtonUtil.h */; };
		C2247DE61BA9CCE700391D7D /* UIBUtton+HMButtonUtil.m in Sources */ = {isa = PBXBuildFile; fileRef = C2247DE41BA9CCE700391D7D /* UIBUtton+HMButtonUtil.m */; };
		C2432B681B04CE0E002876D0 /* HMBlend.h in Headers */ = {isa = PBXBuildFile; fileRef = C2432B671B04CE0E002876D0 /* HMBlend.h */; };
		C272C6C41BA723450048F4E9 /* UIColor+HMColorUtil.h in Headers */ = {isa = PBXBuildFile; fileRef = C272C6C21BA723450048F4E9 /* UIColor+HMColorUtil.h */; };
		C272C6C51BA723450048F4E9 /* UIColor+HMColorUtil.m in Sources */ = {isa = PBXBuildFile; fileRef = C272C6C31BA723450048F4E9 /* UIColor+HMColorUtil.m */; };
		C29819D31B9F5E4B0032C4BE /* HMSerializer.h in Headers */ = {isa = PBXBuildFile; fileRef = C29819D21B9F5E4B0032C4BE /* HMSerializer.h */; };
		C29819D61B9F5ECB0032C4BE /* HMJSONSerializer.h in Headers */ = {isa = PBXBuildFile; fileRef = C29819D41B9F5ECB0032C4BE /* HMJSONSerializer.h */; };
		C29819D71B9F5ECB0032C4BE /* HMJSONSerializer.m in Sources */ = {isa = PBXBuildFile; fileRef = C29819D51B9F5ECB0032C4BE /* HMJSONSerializer.m */; };
		C29819DA1BA0B9A00032C4BE /* HMDataSerializer.h in Headers */ = {isa = PBXBuildFile; fileRef = C29819D81BA0B9A00032C4BE /* HMDataSerializer.h */; };
		C29819DB1BA0B9A00032C4BE /* HMDataSerializer.m in Sources */ = {isa = PBXBuildFile; fileRef = C29819D91BA0B9A00032C4BE /* HMDataSerializer.m */; };
		C2A2C088187F30BD009A052B /* HMLog.h in Headers */ = {isa = PBXBuildFile; fileRef = C2A2C086187F30BD009A052B /* HMLog.h */; settings = {ATTRIBUTES = (Public, ); }; };
		C2A2C089187F30BD009A052B /* HMLog.m in Sources */ = {isa = PBXBuildFile; fileRef = C2A2C087187F30BD009A052B /* HMLog.m */; };
		C2C2E3901BA9DDE000BDFDC7 /* HMApi.h in Headers */ = {isa = PBXBuildFile; fileRef = C2C2E38E1BA9DDE000BDFDC7 /* HMApi.h */; };
		C2C2E3911BA9DDE000BDFDC7 /* HMApi.m in Sources */ = {isa = PBXBuildFile; fileRef = C2C2E38F1BA9DDE000BDFDC7 /* HMApi.m */; };
		C2C2E3961BA9EF8A00BDFDC7 /* HMProxyDelegate.h in Headers */ = {isa = PBXBuildFile; fileRef = C2C2E3951BA9EF8A00BDFDC7 /* HMProxyDelegate.h */; };
		C2C46B041B9F4EFF0048FA33 /* UIImageView+HMImageViewUtil.h in Headers */ = {isa = PBXBuildFile; fileRef = C2C46B021B9F4EFF0048FA33 /* UIImageView+HMImageViewUtil.h */; };
		C2C46B051B9F4EFF0048FA33 /* UIImageView+HMImageViewUtil.m in Sources */ = {isa = PBXBuildFile; fileRef = C2C46B031B9F4EFF0048FA33 /* UIImageView+HMImageViewUtil.m */; };
		C2CB34261655BB5B00F6969D /* UIImage+HMImageUtil.m in Sources */ = {isa = PBXBuildFile; fileRef = C2CB34251655BB5B00F6969D /* UIImage+HMImageUtil.m */; };
		C2E4A76D1B06094500603947 /* libcameo.a in Frameworks */ = {isa = PBXBuildFile; fileRef = C3B4200A1652CBB400005DC5 /* libcameo.a */; };
		C2E4A7761B06095200603947 /* HMStringTest.m in Sources */ = {isa = PBXBuildFile; fileRef = C25B9D321B0604A30072529A /* HMStringTest.m */; };
		C2E4A7811B0609BE00603947 /* SenTestingKit.framework in Frameworks */ = {isa = PBXBuildFile; fileRef = C25B9D381B0605F20072529A /* SenTestingKit.framework */; };
		C30DBA71165573F7002B678E /* Cameo.h in Headers */ = {isa = PBXBuildFile; fileRef = C30DBA55165573F7002B678E /* Cameo.h */; settings = {ATTRIBUTES = (Public, ); }; };
		C30DBA72165573F7002B678E /* Dependencies.h in Headers */ = {isa = PBXBuildFile; fileRef = C30DBA56165573F7002B678E /* Dependencies.h */; settings = {ATTRIBUTES = (Public, ); }; };
		C30DBA73165573F7002B678E /* HMVersion.h in Headers */ = {isa = PBXBuildFile; fileRef = C30DBA57165573F7002B678E /* HMVersion.h */; settings = {ATTRIBUTES = (Public, ); }; };
		C30DBA76165573F7002B678E /* UIImage+HMImageUtil.h in Headers */ = {isa = PBXBuildFile; fileRef = C30DBA5A165573F7002B678E /* UIImage+HMImageUtil.h */; settings = {ATTRIBUTES = (Public, ); }; };
		C30DBA77165573F7002B678E /* UIViewController+HMControllerUtil.h in Headers */ = {isa = PBXBuildFile; fileRef = C30DBA5B165573F7002B678E /* UIViewController+HMControllerUtil.h */; settings = {ATTRIBUTES = (Public, ); }; };
		C30DBA78165573F7002B678E /* cameo-Prefix.pch in Headers */ = {isa = PBXBuildFile; fileRef = C30DBA70165573F7002B678E /* cameo-Prefix.pch */; };
		C37910A01655417B005D3B7B /* CoreGraphics.framework in Frameworks */ = {isa = PBXBuildFile; fileRef = C30D41131655411A003AA670 /* CoreGraphics.framework */; };
		C37910A21655417F005D3B7B /* Foundation.framework in Frameworks */ = {isa = PBXBuildFile; fileRef = C37910A11655417F005D3B7B /* Foundation.framework */; };
		C37910A416554184005D3B7B /* UIKit.framework in Frameworks */ = {isa = PBXBuildFile; fileRef = C37910A316554184005D3B7B /* UIKit.framework */; };
		C3ED1C25165BEFD500D81B85 /* HMRequest.h in Headers */ = {isa = PBXBuildFile; fileRef = C3ED1C1D165BEFD500D81B85 /* HMRequest.h */; settings = {ATTRIBUTES = (Public, ); }; };
		C3ED1C26165BEFD500D81B85 /* HMRequest.m in Sources */ = {isa = PBXBuildFile; fileRef = C3ED1C1E165BEFD500D81B85 /* HMRequest.m */; };
		C3ED1C27165BEFD500D81B85 /* HMRequestDelegate.h in Headers */ = {isa = PBXBuildFile; fileRef = C3ED1C1F165BEFD500D81B85 /* HMRequestDelegate.h */; settings = {ATTRIBUTES = (Public, ); }; };
		C3ED1C28165BEFD500D81B85 /* HMLoginViewController.h in Headers */ = {isa = PBXBuildFile; fileRef = C3ED1C20165BEFD500D81B85 /* HMLoginViewController.h */; settings = {ATTRIBUTES = (Public, ); }; };
		C3ED1C29165BEFD500D81B85 /* HMLoginViewController.m in Sources */ = {isa = PBXBuildFile; fileRef = C3ED1C21165BEFD500D81B85 /* HMLoginViewController.m */; };
		C3ED1C2A165BEFD500D81B85 /* HMProxyRequest.h in Headers */ = {isa = PBXBuildFile; fileRef = C3ED1C22165BEFD500D81B85 /* HMProxyRequest.h */; settings = {ATTRIBUTES = (Public, ); }; };
		C3ED1C2B165BEFD500D81B85 /* HMProxyRequest.m in Sources */ = {isa = PBXBuildFile; fileRef = C3ED1C23165BEFD500D81B85 /* HMProxyRequest.m */; };
		C3ED1C2C165BEFD500D81B85 /* HMProxyRequestDelegate.h in Headers */ = {isa = PBXBuildFile; fileRef = C3ED1C24165BEFD500D81B85 /* HMProxyRequestDelegate.h */; settings = {ATTRIBUTES = (Public, ); }; };
		C3ED1C45165BFDB100D81B85 /* HMLoginView.h in Headers */ = {isa = PBXBuildFile; fileRef = C3ED1C43165BFDB000D81B85 /* HMLoginView.h */; settings = {ATTRIBUTES = (Public, ); }; };
		C3ED1C46165BFDB100D81B85 /* HMLoginView.m in Sources */ = {isa = PBXBuildFile; fileRef = C3ED1C44165BFDB100D81B85 /* HMLoginView.m */; };
		C3ED1C4D165BFF6600D81B85 /* HMResources.h in Headers */ = {isa = PBXBuildFile; fileRef = C3ED1C4B165BFF6500D81B85 /* HMResources.h */; settings = {ATTRIBUTES = (Public, ); }; };
		C3ED1C4E165BFF6600D81B85 /* HMResources.m in Sources */ = {isa = PBXBuildFile; fileRef = C3ED1C4C165BFF6500D81B85 /* HMResources.m */; };
/* End PBXBuildFile section */

/* Begin PBXContainerItemProxy section */
		C2E4A76E1B06094500603947 /* PBXContainerItemProxy */ = {
			isa = PBXContainerItemProxy;
			containerPortal = C3B420011652CBB400005DC5 /* Project object */;
			proxyType = 1;
			remoteGlobalIDString = C3B420091652CBB400005DC5;
			remoteInfo = cameo;
		};
		C2F73443165C5B9000E4B56A /* PBXContainerItemProxy */ = {
			isa = PBXContainerItemProxy;
			containerPortal = C39CF94C165BEA7400AA687F /* cameo_demo.xcodeproj */;
			proxyType = 2;
			remoteGlobalIDString = C3715E06165BE391006BB277;
			remoteInfo = cameo_demo;
		};
/* End PBXContainerItemProxy section */

/* Begin PBXCopyFilesBuildPhase section */
		C3B420081652CBB400005DC5 /* CopyFiles */ = {
			isa = PBXCopyFilesBuildPhase;
			buildActionMask = 2147483647;
			dstPath = "include/${PRODUCT_NAME}";
			dstSubfolderSpec = 16;
			files = (
			);
			runOnlyForDeploymentPostprocessing = 0;
		};
/* End PBXCopyFilesBuildPhase section */

/* Begin PBXFileReference section */
		C202B4921B04CDAF00F4078C /* HMBlend.m */ = {isa = PBXFileReference; fileEncoding = 4; lastKnownFileType = sourcecode.c.objc; path = HMBlend.m; sourceTree = "<group>"; };
		C20769FE1B062500005B5FE4 /* HMProxy.h */ = {isa = PBXFileReference; fileEncoding = 4; lastKnownFileType = sourcecode.c.h; path = HMProxy.h; sourceTree = "<group>"; };
		C20769FF1B062500005B5FE4 /* HMProxy.m */ = {isa = PBXFileReference; fileEncoding = 4; lastKnownFileType = sourcecode.c.objc; path = HMProxy.m; sourceTree = "<group>"; };
		C2076A031B063DE3005B5FE4 /* HMCallbackDelegate.h */ = {isa = PBXFileReference; fileEncoding = 4; lastKnownFileType = sourcecode.c.h; path = HMCallbackDelegate.h; sourceTree = "<group>"; };
		C2076A051B063DF4005B5FE4 /* HMCallbackDelegate.m */ = {isa = PBXFileReference; fileEncoding = 4; lastKnownFileType = sourcecode.c.objc; path = HMCallbackDelegate.m; sourceTree = "<group>"; };
		C2076A071B0652D9005B5FE4 /* HMCleanup.h */ = {isa = PBXFileReference; fileEncoding = 4; lastKnownFileType = sourcecode.c.h; path = HMCleanup.h; sourceTree = "<group>"; };
		C21BA6FC18801B82000ED62E /* HMString.h */ = {isa = PBXFileReference; fileEncoding = 4; lastKnownFileType = sourcecode.c.h; path = HMString.h; sourceTree = "<group>"; };
		C21BA6FD18801B82000ED62E /* HMString.m */ = {isa = PBXFileReference; fileEncoding = 4; lastKnownFileType = sourcecode.c.objc; path = HMString.m; sourceTree = "<group>"; };
		C21E6C4B1655BEBC00FDE5C8 /* UIViewController+HMControllerUtil.m */ = {isa = PBXFileReference; fileEncoding = 4; lastKnownFileType = sourcecode.c.objc; path = "UIViewController+HMControllerUtil.m"; sourceTree = "<group>"; };
		C2247DE31BA9CCE700391D7D /* UIButton+HMButtonUtil.h */ = {isa = PBXFileReference; fileEncoding = 4; lastKnownFileType = sourcecode.c.h; path = "UIButton+HMButtonUtil.h"; sourceTree = "<group>"; };
		C2247DE41BA9CCE700391D7D /* UIBUtton+HMButtonUtil.m */ = {isa = PBXFileReference; fileEncoding = 4; lastKnownFileType = sourcecode.c.objc; path = "UIBUtton+HMButtonUtil.m"; sourceTree = "<group>"; };
		C2432B671B04CE0E002876D0 /* HMBlend.h */ = {isa = PBXFileReference; fileEncoding = 4; lastKnownFileType = sourcecode.c.h; path = HMBlend.h; sourceTree = "<group>"; };
		C25B9D321B0604A30072529A /* HMStringTest.m */ = {isa = PBXFileReference; fileEncoding = 4; lastKnownFileType = sourcecode.c.objc; path = HMStringTest.m; sourceTree = "<group>"; };
		C25B9D341B0604BE0072529A /* HMStringTest.h */ = {isa = PBXFileReference; fileEncoding = 4; lastKnownFileType = sourcecode.c.h; path = HMStringTest.h; sourceTree = "<group>"; };
		C25B9D361B0605120072529A /* Dependencies.h */ = {isa = PBXFileReference; fileEncoding = 4; lastKnownFileType = sourcecode.c.h; path = Dependencies.h; sourceTree = "<group>"; };
		C25B9D381B0605F20072529A /* SenTestingKit.framework */ = {isa = PBXFileReference; lastKnownFileType = wrapper.framework; name = SenTestingKit.framework; path = Library/Frameworks/SenTestingKit.framework; sourceTree = DEVELOPER_DIR; };
		C272C6C21BA723450048F4E9 /* UIColor+HMColorUtil.h */ = {isa = PBXFileReference; fileEncoding = 4; lastKnownFileType = sourcecode.c.h; path = "UIColor+HMColorUtil.h"; sourceTree = "<group>"; };
		C272C6C31BA723450048F4E9 /* UIColor+HMColorUtil.m */ = {isa = PBXFileReference; fileEncoding = 4; lastKnownFileType = sourcecode.c.objc; path = "UIColor+HMColorUtil.m"; sourceTree = "<group>"; };
		C29819D21B9F5E4B0032C4BE /* HMSerializer.h */ = {isa = PBXFileReference; fileEncoding = 4; lastKnownFileType = sourcecode.c.h; path = HMSerializer.h; sourceTree = "<group>"; };
		C29819D41B9F5ECB0032C4BE /* HMJSONSerializer.h */ = {isa = PBXFileReference; fileEncoding = 4; lastKnownFileType = sourcecode.c.h; path = HMJSONSerializer.h; sourceTree = "<group>"; };
		C29819D51B9F5ECB0032C4BE /* HMJSONSerializer.m */ = {isa = PBXFileReference; fileEncoding = 4; lastKnownFileType = sourcecode.c.objc; path = HMJSONSerializer.m; sourceTree = "<group>"; };
		C29819D81BA0B9A00032C4BE /* HMDataSerializer.h */ = {isa = PBXFileReference; fileEncoding = 4; lastKnownFileType = sourcecode.c.h; path = HMDataSerializer.h; sourceTree = "<group>"; };
		C29819D91BA0B9A00032C4BE /* HMDataSerializer.m */ = {isa = PBXFileReference; fileEncoding = 4; lastKnownFileType = sourcecode.c.objc; path = HMDataSerializer.m; sourceTree = "<group>"; };
		C2A2C086187F30BD009A052B /* HMLog.h */ = {isa = PBXFileReference; fileEncoding = 4; lastKnownFileType = sourcecode.c.h; path = HMLog.h; sourceTree = "<group>"; };
		C2A2C087187F30BD009A052B /* HMLog.m */ = {isa = PBXFileReference; fileEncoding = 4; lastKnownFileType = sourcecode.c.objc; path = HMLog.m; sourceTree = "<group>"; };
		C2C2E38E1BA9DDE000BDFDC7 /* HMApi.h */ = {isa = PBXFileReference; fileEncoding = 4; lastKnownFileType = sourcecode.c.h; path = HMApi.h; sourceTree = "<group>"; };
		C2C2E38F1BA9DDE000BDFDC7 /* HMApi.m */ = {isa = PBXFileReference; fileEncoding = 4; lastKnownFileType = sourcecode.c.objc; path = HMApi.m; sourceTree = "<group>"; };
		C2C2E3951BA9EF8A00BDFDC7 /* HMProxyDelegate.h */ = {isa = PBXFileReference; fileEncoding = 4; lastKnownFileType = sourcecode.c.h; path = HMProxyDelegate.h; sourceTree = "<group>"; };
		C2C46B021B9F4EFF0048FA33 /* UIImageView+HMImageViewUtil.h */ = {isa = PBXFileReference; fileEncoding = 4; lastKnownFileType = sourcecode.c.h; path = "UIImageView+HMImageViewUtil.h"; sourceTree = "<group>"; };
		C2C46B031B9F4EFF0048FA33 /* UIImageView+HMImageViewUtil.m */ = {isa = PBXFileReference; fileEncoding = 4; lastKnownFileType = sourcecode.c.objc; path = "UIImageView+HMImageViewUtil.m"; sourceTree = "<group>"; };
		C2CB34251655BB5B00F6969D /* UIImage+HMImageUtil.m */ = {isa = PBXFileReference; fileEncoding = 4; lastKnownFileType = sourcecode.c.objc; path = "UIImage+HMImageUtil.m"; sourceTree = "<group>"; };
		C2E1FA8C183A801C00F43959 /* readme.md */ = {isa = PBXFileReference; fileEncoding = 4; lastKnownFileType = text; path = readme.md; sourceTree = "<group>"; };
		C2E4A7671B06094500603947 /* cameo_test.xctest */ = {isa = PBXFileReference; explicitFileType = wrapper.cfbundle; includeInIndex = 0; path = cameo_test.xctest; sourceTree = BUILT_PRODUCTS_DIR; };
		C2E4A7821B060B1600603947 /* Cameo.podspec */ = {isa = PBXFileReference; lastKnownFileType = text; path = Cameo.podspec; sourceTree = "<group>"; };
		C2E4A7831B060B1600603947 /* Podfile */ = {isa = PBXFileReference; lastKnownFileType = text; path = Podfile; sourceTree = "<group>"; xcLanguageSpecificationIdentifier = xcode.lang.ruby; };
		C30D41131655411A003AA670 /* CoreGraphics.framework */ = {isa = PBXFileReference; lastKnownFileType = wrapper.framework; name = CoreGraphics.framework; path = System/Library/Frameworks/CoreGraphics.framework; sourceTree = SDKROOT; };
		C30DBA53165573F7002B678E /* HMBaseResources.bundle */ = {isa = PBXFileReference; lastKnownFileType = "wrapper.plug-in"; path = HMBaseResources.bundle; sourceTree = "<group>"; };
		C30DBA55165573F7002B678E /* Cameo.h */ = {isa = PBXFileReference; fileEncoding = 4; lastKnownFileType = sourcecode.c.h; path = Cameo.h; sourceTree = "<group>"; };
		C30DBA56165573F7002B678E /* Dependencies.h */ = {isa = PBXFileReference; fileEncoding = 4; lastKnownFileType = sourcecode.c.h; path = Dependencies.h; sourceTree = "<group>"; };
		C30DBA57165573F7002B678E /* HMVersion.h */ = {isa = PBXFileReference; fileEncoding = 4; lastKnownFileType = sourcecode.c.h; path = HMVersion.h; sourceTree = "<group>"; };
		C30DBA5A165573F7002B678E /* UIImage+HMImageUtil.h */ = {isa = PBXFileReference; fileEncoding = 4; lastKnownFileType = sourcecode.c.h; path = "UIImage+HMImageUtil.h"; sourceTree = "<group>"; };
		C30DBA5B165573F7002B678E /* UIViewController+HMControllerUtil.h */ = {isa = PBXFileReference; fileEncoding = 4; lastKnownFileType = sourcecode.c.h; path = "UIViewController+HMControllerUtil.h"; sourceTree = "<group>"; };
		C30DBA62165573F7002B678E /* build_all.sh */ = {isa = PBXFileReference; fileEncoding = 4; lastKnownFileType = text.script.sh; path = build_all.sh; sourceTree = "<group>"; };
		C30DBA63165573F7002B678E /* build_distribution.sh */ = {isa = PBXFileReference; fileEncoding = 4; lastKnownFileType = text.script.sh; path = build_distribution.sh; sourceTree = "<group>"; };
		C30DBA64165573F7002B678E /* build_documentation.sh */ = {isa = PBXFileReference; fileEncoding = 4; lastKnownFileType = text.script.sh; path = build_documentation.sh; sourceTree = "<group>"; };
		C30DBA65165573F7002B678E /* build_framework.sh */ = {isa = PBXFileReference; fileEncoding = 4; lastKnownFileType = text.script.sh; path = build_framework.sh; sourceTree = "<group>"; };
		C30DBA66165573F7002B678E /* build_samples.sh */ = {isa = PBXFileReference; fileEncoding = 4; lastKnownFileType = text.script.sh; path = build_samples.sh; sourceTree = "<group>"; };
		C30DBA68165573F7002B678E /* common.sh */ = {isa = PBXFileReference; fileEncoding = 4; lastKnownFileType = text.script.sh; path = common.sh; sourceTree = "<group>"; };
		C30DBA6A165573F7002B678E /* label_version_number.sh */ = {isa = PBXFileReference; fileEncoding = 4; lastKnownFileType = text.script.sh; path = label_version_number.sh; sourceTree = "<group>"; };
		C30DBA70165573F7002B678E /* cameo-Prefix.pch */ = {isa = PBXFileReference; fileEncoding = 4; lastKnownFileType = sourcecode.c.h; path = "cameo-Prefix.pch"; sourceTree = "<group>"; };
		C37910A11655417F005D3B7B /* Foundation.framework */ = {isa = PBXFileReference; lastKnownFileType = wrapper.framework; name = Foundation.framework; path = System/Library/Frameworks/Foundation.framework; sourceTree = SDKROOT; };
		C37910A316554184005D3B7B /* UIKit.framework */ = {isa = PBXFileReference; lastKnownFileType = wrapper.framework; name = UIKit.framework; path = System/Library/Frameworks/UIKit.framework; sourceTree = SDKROOT; };
		C39CF94C165BEA7400AA687F /* cameo_demo.xcodeproj */ = {isa = PBXFileReference; lastKnownFileType = "wrapper.pb-project"; name = cameo_demo.xcodeproj; path = samples/demo/cameo_demo.xcodeproj; sourceTree = SOURCE_ROOT; };
		C3B4200A1652CBB400005DC5 /* libcameo.a */ = {isa = PBXFileReference; explicitFileType = archive.ar; includeInIndex = 0; path = libcameo.a; sourceTree = BUILT_PRODUCTS_DIR; };
		C3ED1C1D165BEFD500D81B85 /* HMRequest.h */ = {isa = PBXFileReference; fileEncoding = 4; lastKnownFileType = sourcecode.c.h; path = HMRequest.h; sourceTree = "<group>"; };
		C3ED1C1E165BEFD500D81B85 /* HMRequest.m */ = {isa = PBXFileReference; fileEncoding = 4; lastKnownFileType = sourcecode.c.objc; path = HMRequest.m; sourceTree = "<group>"; };
		C3ED1C1F165BEFD500D81B85 /* HMRequestDelegate.h */ = {isa = PBXFileReference; fileEncoding = 4; lastKnownFileType = sourcecode.c.h; path = HMRequestDelegate.h; sourceTree = "<group>"; };
		C3ED1C20165BEFD500D81B85 /* HMLoginViewController.h */ = {isa = PBXFileReference; fileEncoding = 4; lastKnownFileType = sourcecode.c.h; path = HMLoginViewController.h; sourceTree = "<group>"; };
		C3ED1C21165BEFD500D81B85 /* HMLoginViewController.m */ = {isa = PBXFileReference; fileEncoding = 4; lastKnownFileType = sourcecode.c.objc; path = HMLoginViewController.m; sourceTree = "<group>"; };
		C3ED1C22165BEFD500D81B85 /* HMProxyRequest.h */ = {isa = PBXFileReference; fileEncoding = 4; lastKnownFileType = sourcecode.c.h; path = HMProxyRequest.h; sourceTree = "<group>"; };
		C3ED1C23165BEFD500D81B85 /* HMProxyRequest.m */ = {isa = PBXFileReference; fileEncoding = 4; lastKnownFileType = sourcecode.c.objc; path = HMProxyRequest.m; sourceTree = "<group>"; };
		C3ED1C24165BEFD500D81B85 /* HMProxyRequestDelegate.h */ = {isa = PBXFileReference; fileEncoding = 4; lastKnownFileType = sourcecode.c.h; path = HMProxyRequestDelegate.h; sourceTree = "<group>"; };
		C3ED1C43165BFDB000D81B85 /* HMLoginView.h */ = {isa = PBXFileReference; fileEncoding = 4; lastKnownFileType = sourcecode.c.h; path = HMLoginView.h; sourceTree = "<group>"; };
		C3ED1C44165BFDB100D81B85 /* HMLoginView.m */ = {isa = PBXFileReference; fileEncoding = 4; lastKnownFileType = sourcecode.c.objc; path = HMLoginView.m; sourceTree = "<group>"; };
		C3ED1C4B165BFF6500D81B85 /* HMResources.h */ = {isa = PBXFileReference; fileEncoding = 4; lastKnownFileType = sourcecode.c.h; path = HMResources.h; sourceTree = "<group>"; };
		C3ED1C4C165BFF6500D81B85 /* HMResources.m */ = {isa = PBXFileReference; fileEncoding = 4; lastKnownFileType = sourcecode.c.objc; path = HMResources.m; sourceTree = "<group>"; };
/* End PBXFileReference section */

/* Begin PBXFrameworksBuildPhase section */
		C2E4A7641B06094500603947 /* Frameworks */ = {
			isa = PBXFrameworksBuildPhase;
			buildActionMask = 2147483647;
			files = (
				C2E4A7811B0609BE00603947 /* SenTestingKit.framework in Frameworks */,
				C2E4A76D1B06094500603947 /* libcameo.a in Frameworks */,
			);
			runOnlyForDeploymentPostprocessing = 0;
		};
		C3B420071652CBB400005DC5 /* Frameworks */ = {
			isa = PBXFrameworksBuildPhase;
			buildActionMask = 2147483647;
			files = (
				C37910A416554184005D3B7B /* UIKit.framework in Frameworks */,
				C37910A21655417F005D3B7B /* Foundation.framework in Frameworks */,
				C37910A01655417B005D3B7B /* CoreGraphics.framework in Frameworks */,
			);
			runOnlyForDeploymentPostprocessing = 0;
		};
/* End PBXFrameworksBuildPhase section */

/* Begin PBXGroup section */
		C25B9D301B06047A0072529A /* tests */ = {
			isa = PBXGroup;
			children = (
				C25B9D361B0605120072529A /* Dependencies.h */,
				C25B9D341B0604BE0072529A /* HMStringTest.h */,
				C25B9D321B0604A30072529A /* HMStringTest.m */,
			);
			name = tests;
			path = src/tests;
			sourceTree = SOURCE_ROOT;
		};
		C2F73440165C5B9000E4B56A /* Products */ = {
			isa = PBXGroup;
			children = (
				C2F73444165C5B9000E4B56A /* cameo_demo.app */,
			);
			name = Products;
			sourceTree = "<group>";
		};
		C30DBA52165573F7002B678E /* bundles */ = {
			isa = PBXGroup;
			children = (
				C30DBA53165573F7002B678E /* HMBaseResources.bundle */,
			);
			name = bundles;
			path = src/bundles;
			sourceTree = SOURCE_ROOT;
		};
		C30DBA54165573F7002B678E /* classes */ = {
			isa = PBXGroup;
			children = (
				C30DBA55165573F7002B678E /* Cameo.h */,
				C30DBA56165573F7002B678E /* Dependencies.h */,
				C2C2E38E1BA9DDE000BDFDC7 /* HMApi.h */,
				C2C2E38F1BA9DDE000BDFDC7 /* HMApi.m */,
				C2432B671B04CE0E002876D0 /* HMBlend.h */,
				C202B4921B04CDAF00F4078C /* HMBlend.m */,
				C2076A031B063DE3005B5FE4 /* HMCallbackDelegate.h */,
				C2076A051B063DF4005B5FE4 /* HMCallbackDelegate.m */,
				C2076A071B0652D9005B5FE4 /* HMCleanup.h */,
				C29819D81BA0B9A00032C4BE /* HMDataSerializer.h */,
				C29819D91BA0B9A00032C4BE /* HMDataSerializer.m */,
				C29819D41B9F5ECB0032C4BE /* HMJSONSerializer.h */,
				C29819D51B9F5ECB0032C4BE /* HMJSONSerializer.m */,
				C2A2C086187F30BD009A052B /* HMLog.h */,
				C2A2C087187F30BD009A052B /* HMLog.m */,
				C3ED1C43165BFDB000D81B85 /* HMLoginView.h */,
				C3ED1C44165BFDB100D81B85 /* HMLoginView.m */,
				C3ED1C20165BEFD500D81B85 /* HMLoginViewController.h */,
				C3ED1C21165BEFD500D81B85 /* HMLoginViewController.m */,
				C20769FE1B062500005B5FE4 /* HMProxy.h */,
				C20769FF1B062500005B5FE4 /* HMProxy.m */,
				C2C2E3951BA9EF8A00BDFDC7 /* HMProxyDelegate.h */,
				C3ED1C22165BEFD500D81B85 /* HMProxyRequest.h */,
				C3ED1C23165BEFD500D81B85 /* HMProxyRequest.m */,
				C3ED1C24165BEFD500D81B85 /* HMProxyRequestDelegate.h */,
				C3ED1C1D165BEFD500D81B85 /* HMRequest.h */,
				C3ED1C1E165BEFD500D81B85 /* HMRequest.m */,
				C3ED1C1F165BEFD500D81B85 /* HMRequestDelegate.h */,
				C3ED1C4B165BFF6500D81B85 /* HMResources.h */,
				C3ED1C4C165BFF6500D81B85 /* HMResources.m */,
				C29819D21B9F5E4B0032C4BE /* HMSerializer.h */,
				C21BA6FC18801B82000ED62E /* HMString.h */,
				C21BA6FD18801B82000ED62E /* HMString.m */,
				C30DBA57165573F7002B678E /* HMVersion.h */,
				C2247DE31BA9CCE700391D7D /* UIButton+HMButtonUtil.h */,
				C2247DE41BA9CCE700391D7D /* UIBUtton+HMButtonUtil.m */,
				C272C6C21BA723450048F4E9 /* UIColor+HMColorUtil.h */,
				C272C6C31BA723450048F4E9 /* UIColor+HMColorUtil.m */,
				C30DBA5A165573F7002B678E /* UIImage+HMImageUtil.h */,
				C2CB34251655BB5B00F6969D /* UIImage+HMImageUtil.m */,
				C2C46B021B9F4EFF0048FA33 /* UIImageView+HMImageViewUtil.h */,
				C2C46B031B9F4EFF0048FA33 /* UIImageView+HMImageViewUtil.m */,
				C30DBA5B165573F7002B678E /* UIViewController+HMControllerUtil.h */,
				C21E6C4B1655BEBC00FDE5C8 /* UIViewController+HMControllerUtil.m */,
			);
			name = classes;
			path = src/classes;
			sourceTree = SOURCE_ROOT;
		};
		C30DBA61165573F7002B678E /* scripts */ = {
			isa = PBXGroup;
			children = (
				C30DBA62165573F7002B678E /* build_all.sh */,
				C30DBA63165573F7002B678E /* build_distribution.sh */,
				C30DBA64165573F7002B678E /* build_documentation.sh */,
				C30DBA65165573F7002B678E /* build_framework.sh */,
				C30DBA66165573F7002B678E /* build_samples.sh */,
				C30DBA68165573F7002B678E /* common.sh */,
				C30DBA6A165573F7002B678E /* label_version_number.sh */,
			);
			name = scripts;
			path = src/scripts;
			sourceTree = SOURCE_ROOT;
		};
		C30DBA6C165573F7002B678E /* static */ = {
			isa = PBXGroup;
			children = (
				C2E1FA8C183A801C00F43959 /* readme.md */,
			);
			name = static;
			path = src/static;
			sourceTree = SOURCE_ROOT;
		};
		C30DBA6F165573F7002B678E /* support */ = {
			isa = PBXGroup;
			children = (
				C30DBA70165573F7002B678E /* cameo-Prefix.pch */,
			);
			name = support;
			path = src/support;
			sourceTree = SOURCE_ROOT;
		};
		C3B41FFF1652CBB400005DC5 = {
			isa = PBXGroup;
			children = (
				C39CF94C165BEA7400AA687F /* cameo_demo.xcodeproj */,
				C3B4200F1652CBB400005DC5 /* Cameo */,
				C3B4200C1652CBB400005DC5 /* Frameworks */,
				C3B4200B1652CBB400005DC5 /* Products */,
				C2E4A7831B060B1600603947 /* Podfile */,
				C2E4A7821B060B1600603947 /* Cameo.podspec */,
			);
			sourceTree = "<group>";
		};
		C3B4200B1652CBB400005DC5 /* Products */ = {
			isa = PBXGroup;
			children = (
				C3B4200A1652CBB400005DC5 /* libcameo.a */,
				C2E4A7671B06094500603947 /* cameo_test.xctest */,
			);
			name = Products;
			sourceTree = "<group>";
		};
		C3B4200C1652CBB400005DC5 /* Frameworks */ = {
			isa = PBXGroup;
			children = (
				C30D41131655411A003AA670 /* CoreGraphics.framework */,
				C37910A11655417F005D3B7B /* Foundation.framework */,
				C25B9D381B0605F20072529A /* SenTestingKit.framework */,
				C37910A316554184005D3B7B /* UIKit.framework */,
			);
			name = Frameworks;
			sourceTree = "<group>";
		};
		C3B4200F1652CBB400005DC5 /* Cameo */ = {
			isa = PBXGroup;
			children = (
				C30DBA52165573F7002B678E /* bundles */,
				C30DBA54165573F7002B678E /* classes */,
				C30DBA61165573F7002B678E /* scripts */,
				C30DBA6C165573F7002B678E /* static */,
				C30DBA6F165573F7002B678E /* support */,
				C25B9D301B06047A0072529A /* tests */,
			);
			name = Cameo;
			path = cameo;
			sourceTree = "<group>";
		};
/* End PBXGroup section */

/* Begin PBXHeadersBuildPhase section */
		C33384721655083400F64AC8 /* Headers */ = {
			isa = PBXHeadersBuildPhase;
			buildActionMask = 2147483647;
			files = (
				C30DBA71165573F7002B678E /* Cameo.h in Headers */,
				C2076A001B062500005B5FE4 /* HMProxy.h in Headers */,
				C2247DE51BA9CCE700391D7D /* UIButton+HMButtonUtil.h in Headers */,
				C30DBA72165573F7002B678E /* Dependencies.h in Headers */,
				C2076A091B0652D9005B5FE4 /* HMCleanup.h in Headers */,
				C30DBA73165573F7002B678E /* HMVersion.h in Headers */,
				C29819D61B9F5ECB0032C4BE /* HMJSONSerializer.h in Headers */,
				C30DBA76165573F7002B678E /* UIImage+HMImageUtil.h in Headers */,
				C30DBA77165573F7002B678E /* UIViewController+HMControllerUtil.h in Headers */,
				C3ED1C25165BEFD500D81B85 /* HMRequest.h in Headers */,
				C2076A041B063DE3005B5FE4 /* HMCallbackDelegate.h in Headers */,
				C29819DA1BA0B9A00032C4BE /* HMDataSerializer.h in Headers */,
				C3ED1C27165BEFD500D81B85 /* HMRequestDelegate.h in Headers */,
				C3ED1C28165BEFD500D81B85 /* HMLoginViewController.h in Headers */,
				C2C2E3901BA9DDE000BDFDC7 /* HMApi.h in Headers */,
				C2C46B041B9F4EFF0048FA33 /* UIImageView+HMImageViewUtil.h in Headers */,
				C2A2C088187F30BD009A052B /* HMLog.h in Headers */,
				C2432B681B04CE0E002876D0 /* HMBlend.h in Headers */,
				C2C2E3961BA9EF8A00BDFDC7 /* HMProxyDelegate.h in Headers */,
				C3ED1C2A165BEFD500D81B85 /* HMProxyRequest.h in Headers */,
				C21BA6FE18801B82000ED62E /* HMString.h in Headers */,
				C3ED1C2C165BEFD500D81B85 /* HMProxyRequestDelegate.h in Headers */,
				C3ED1C45165BFDB100D81B85 /* HMLoginView.h in Headers */,
				C3ED1C4D165BFF6600D81B85 /* HMResources.h in Headers */,
				C272C6C41BA723450048F4E9 /* UIColor+HMColorUtil.h in Headers */,
				C30DBA78165573F7002B678E /* cameo-Prefix.pch in Headers */,
				C29819D31B9F5E4B0032C4BE /* HMSerializer.h in Headers */,
			);
			runOnlyForDeploymentPostprocessing = 0;
		};
/* End PBXHeadersBuildPhase section */

/* Begin PBXNativeTarget section */
		C2E4A7661B06094500603947 /* cameo_test */ = {
			isa = PBXNativeTarget;
			buildConfigurationList = C2E4A7701B06094500603947 /* Build configuration list for PBXNativeTarget "cameo_test" */;
			buildPhases = (
				C2E4A7631B06094500603947 /* Sources */,
				C2E4A7641B06094500603947 /* Frameworks */,
				C2E4A7651B06094500603947 /* Resources */,
			);
			buildRules = (
			);
			dependencies = (
				C2E4A76F1B06094500603947 /* PBXTargetDependency */,
			);
			name = cameo_test;
			productName = cameo_test;
			productReference = C2E4A7671B06094500603947 /* cameo_test.xctest */;
			productType = "com.apple.product-type.bundle.unit-test";
		};
		C3B420091652CBB400005DC5 /* cameo */ = {
			isa = PBXNativeTarget;
			buildConfigurationList = C3B420181652CBB400005DC5 /* Build configuration list for PBXNativeTarget "cameo" */;
			buildPhases = (
				C3B420061652CBB400005DC5 /* Sources */,
				C3B420071652CBB400005DC5 /* Frameworks */,
				C3B420081652CBB400005DC5 /* CopyFiles */,
				C33384721655083400F64AC8 /* Headers */,
			);
			buildRules = (
			);
			dependencies = (
			);
			name = cameo;
			productName = cameo;
			productReference = C3B4200A1652CBB400005DC5 /* libcameo.a */;
			productType = "com.apple.product-type.library.static";
		};
/* End PBXNativeTarget section */

/* Begin PBXProject section */
		C3B420011652CBB400005DC5 /* Project object */ = {
			isa = PBXProject;
			attributes = {
				LastTestingUpgradeCheck = 0640;
				LastUpgradeCheck = 0450;
				ORGANIZATIONNAME = "Hive Solutions";
				TargetAttributes = {
					C2E4A7661B06094500603947 = {
						CreatedOnToolsVersion = 6.3.1;
					};
				};
			};
			buildConfigurationList = C3B420041652CBB400005DC5 /* Build configuration list for PBXProject "cameo" */;
			compatibilityVersion = "Xcode 3.2";
			developmentRegion = English;
			hasScannedForEncodings = 0;
			knownRegions = (
				en,
			);
			mainGroup = C3B41FFF1652CBB400005DC5;
			productRefGroup = C3B4200B1652CBB400005DC5 /* Products */;
			projectDirPath = "";
			projectReferences = (
				{
					ProductGroup = C2F73440165C5B9000E4B56A /* Products */;
					ProjectRef = C39CF94C165BEA7400AA687F /* cameo_demo.xcodeproj */;
				},
			);
			projectRoot = "";
			targets = (
				C3B420091652CBB400005DC5 /* cameo */,
				C2E4A7661B06094500603947 /* cameo_test */,
			);
		};
/* End PBXProject section */

/* Begin PBXReferenceProxy section */
		C2F73444165C5B9000E4B56A /* cameo_demo.app */ = {
			isa = PBXReferenceProxy;
			fileType = wrapper.application;
			path = cameo_demo.app;
			remoteRef = C2F73443165C5B9000E4B56A /* PBXContainerItemProxy */;
			sourceTree = BUILT_PRODUCTS_DIR;
		};
/* End PBXReferenceProxy section */

/* Begin PBXResourcesBuildPhase section */
		C2E4A7651B06094500603947 /* Resources */ = {
			isa = PBXResourcesBuildPhase;
			buildActionMask = 2147483647;
			files = (
			);
			runOnlyForDeploymentPostprocessing = 0;
		};
/* End PBXResourcesBuildPhase section */

/* Begin PBXSourcesBuildPhase section */
		C2E4A7631B06094500603947 /* Sources */ = {
			isa = PBXSourcesBuildPhase;
			buildActionMask = 2147483647;
			files = (
				C2E4A7761B06095200603947 /* HMStringTest.m in Sources */,
			);
			runOnlyForDeploymentPostprocessing = 0;
		};
		C3B420061652CBB400005DC5 /* Sources */ = {
			isa = PBXSourcesBuildPhase;
			buildActionMask = 2147483647;
			files = (
				C2CB34261655BB5B00F6969D /* UIImage+HMImageUtil.m in Sources */,
				C2076A011B062500005B5FE4 /* HMProxy.m in Sources */,
				C2C46B051B9F4EFF0048FA33 /* UIImageView+HMImageViewUtil.m in Sources */,
				C2A2C089187F30BD009A052B /* HMLog.m in Sources */,
				C21BA6FF18801B82000ED62E /* HMString.m in Sources */,
				C21E6C4C1655BEBC00FDE5C8 /* UIViewController+HMControllerUtil.m in Sources */,
				C3ED1C26165BEFD500D81B85 /* HMRequest.m in Sources */,
				C3ED1C29165BEFD500D81B85 /* HMLoginViewController.m in Sources */,
				C202B4931B04CDAF00F4078C /* HMBlend.m in Sources */,
				C29819DB1BA0B9A00032C4BE /* HMDataSerializer.m in Sources */,
				C272C6C51BA723450048F4E9 /* UIColor+HMColorUtil.m in Sources */,
				C2076A061B063DF4005B5FE4 /* HMCallbackDelegate.m in Sources */,
				C29819D71B9F5ECB0032C4BE /* HMJSONSerializer.m in Sources */,
				C3ED1C2B165BEFD500D81B85 /* HMProxyRequest.m in Sources */,
				C3ED1C46165BFDB100D81B85 /* HMLoginView.m in Sources */,
				C2C2E3911BA9DDE000BDFDC7 /* HMApi.m in Sources */,
				C3ED1C4E165BFF6600D81B85 /* HMResources.m in Sources */,
				C2247DE61BA9CCE700391D7D /* UIBUtton+HMButtonUtil.m in Sources */,
			);
			runOnlyForDeploymentPostprocessing = 0;
		};
/* End PBXSourcesBuildPhase section */

/* Begin PBXTargetDependency section */
		C2E4A76F1B06094500603947 /* PBXTargetDependency */ = {
			isa = PBXTargetDependency;
			target = C3B420091652CBB400005DC5 /* cameo */;
			targetProxy = C2E4A76E1B06094500603947 /* PBXContainerItemProxy */;
		};
/* End PBXTargetDependency section */

/* Begin XCBuildConfiguration section */
		C2E4A7711B06094500603947 /* Debug */ = {
			isa = XCBuildConfiguration;
			buildSettings = {
				CLANG_ENABLE_MODULES = YES;
				CLANG_WARN_BOOL_CONVERSION = YES;
				CLANG_WARN_CONSTANT_CONVERSION = YES;
				CLANG_WARN_DIRECT_OBJC_ISA_USAGE = YES_ERROR;
				CLANG_WARN_ENUM_CONVERSION = YES;
				CLANG_WARN_INT_CONVERSION = YES;
				CLANG_WARN_OBJC_ROOT_CLASS = YES_ERROR;
				CLANG_WARN_UNREACHABLE_CODE = YES;
				DEBUG_INFORMATION_FORMAT = "dwarf-with-dsym";
				ENABLE_STRICT_OBJC_MSGSEND = YES;
				FRAMEWORK_SEARCH_PATHS = (
					"$(SDKROOT)/Developer/Library/Frameworks",
					"$(inherited)",
					"$(DEVELOPER_FRAMEWORKS_DIR)",
				);
				GCC_NO_COMMON_BLOCKS = YES;
				GCC_PREPROCESSOR_DEFINITIONS = (
					"DEBUG=1",
					"$(inherited)",
				);
				GCC_WARN_64_TO_32_BIT_CONVERSION = YES;
				GCC_WARN_ABOUT_RETURN_TYPE = YES_ERROR;
				GCC_WARN_UNDECLARED_SELECTOR = YES;
				GCC_WARN_UNINITIALIZED_AUTOS = YES_AGGRESSIVE;
				GCC_WARN_UNUSED_FUNCTION = YES;
				INFOPLIST_FILE = src/support/Info.plist;
				IPHONEOS_DEPLOYMENT_TARGET = 8.3;
				LD_RUNPATH_SEARCH_PATHS = "$(inherited) @executable_path/Frameworks @loader_path/Frameworks";
				MTL_ENABLE_DEBUG_INFO = YES;
				PRODUCT_NAME = "$(TARGET_NAME)";
			};
			name = Debug;
		};
		C2E4A7721B06094500603947 /* Release */ = {
			isa = XCBuildConfiguration;
			buildSettings = {
				CLANG_ENABLE_MODULES = YES;
				CLANG_WARN_BOOL_CONVERSION = YES;
				CLANG_WARN_CONSTANT_CONVERSION = YES;
				CLANG_WARN_DIRECT_OBJC_ISA_USAGE = YES_ERROR;
				CLANG_WARN_ENUM_CONVERSION = YES;
				CLANG_WARN_INT_CONVERSION = YES;
				CLANG_WARN_OBJC_ROOT_CLASS = YES_ERROR;
				CLANG_WARN_UNREACHABLE_CODE = YES;
				COPY_PHASE_STRIP = NO;
				DEBUG_INFORMATION_FORMAT = "dwarf-with-dsym";
				ENABLE_NS_ASSERTIONS = NO;
				ENABLE_STRICT_OBJC_MSGSEND = YES;
				FRAMEWORK_SEARCH_PATHS = (
					"$(SDKROOT)/Developer/Library/Frameworks",
					"$(inherited)",
					"$(DEVELOPER_FRAMEWORKS_DIR)",
				);
				GCC_NO_COMMON_BLOCKS = YES;
				GCC_WARN_64_TO_32_BIT_CONVERSION = YES;
				GCC_WARN_ABOUT_RETURN_TYPE = YES_ERROR;
				GCC_WARN_UNDECLARED_SELECTOR = YES;
				GCC_WARN_UNINITIALIZED_AUTOS = YES_AGGRESSIVE;
				GCC_WARN_UNUSED_FUNCTION = YES;
				INFOPLIST_FILE = src/support/Info.plist;
				IPHONEOS_DEPLOYMENT_TARGET = 8.3;
				LD_RUNPATH_SEARCH_PATHS = "$(inherited) @executable_path/Frameworks @loader_path/Frameworks";
				MTL_ENABLE_DEBUG_INFO = NO;
				PRODUCT_NAME = "$(TARGET_NAME)";
			};
			name = Release;
		};
		C3B420161652CBB400005DC5 /* Debug */ = {
			isa = XCBuildConfiguration;
			buildSettings = {
				ALWAYS_SEARCH_USER_PATHS = NO;
				CLANG_CXX_LANGUAGE_STANDARD = "gnu++0x";
				CLANG_CXX_LIBRARY = "libc++";
				CLANG_ENABLE_OBJC_ARC = YES;
				CLANG_WARN_EMPTY_BODY = YES;
				CLANG_WARN__DUPLICATE_METHOD_MATCH = YES;
				COPY_PHASE_STRIP = NO;
				GCC_C_LANGUAGE_STANDARD = gnu99;
				GCC_DYNAMIC_NO_PIC = NO;
				GCC_OPTIMIZATION_LEVEL = 0;
				GCC_PREPROCESSOR_DEFINITIONS = (
					"DEBUG=1",
					"$(inherited)",
				);
				GCC_SYMBOLS_PRIVATE_EXTERN = NO;
				GCC_WARN_ABOUT_RETURN_TYPE = YES;
				GCC_WARN_UNINITIALIZED_AUTOS = YES;
				GCC_WARN_UNUSED_VARIABLE = YES;
				IPHONEOS_DEPLOYMENT_TARGET = 5.0;
				ONLY_ACTIVE_ARCH = YES;
				SDKROOT = iphoneos;
			};
			name = Debug;
		};
		C3B420171652CBB400005DC5 /* Release */ = {
			isa = XCBuildConfiguration;
			buildSettings = {
				ALWAYS_SEARCH_USER_PATHS = NO;
				CLANG_CXX_LANGUAGE_STANDARD = "gnu++0x";
				CLANG_CXX_LIBRARY = "libc++";
				CLANG_ENABLE_OBJC_ARC = YES;
				CLANG_WARN_EMPTY_BODY = YES;
				CLANG_WARN__DUPLICATE_METHOD_MATCH = YES;
				COPY_PHASE_STRIP = YES;
				GCC_C_LANGUAGE_STANDARD = gnu99;
				GCC_WARN_ABOUT_RETURN_TYPE = YES;
				GCC_WARN_UNINITIALIZED_AUTOS = YES;
				GCC_WARN_UNUSED_VARIABLE = YES;
				IPHONEOS_DEPLOYMENT_TARGET = 5.0;
				SDKROOT = iphoneos;
				VALIDATE_PRODUCT = YES;
			};
			name = Release;
		};
		C3B420191652CBB400005DC5 /* Debug */ = {
			isa = XCBuildConfiguration;
			buildSettings = {
				DSTROOT = /tmp/cameo.dst;
				FRAMEWORK_SEARCH_PATHS = (
					"$(inherited)",
					"$(DEVELOPER_FRAMEWORKS_DIR)",
				);
				GCC_PRECOMPILE_PREFIX_HEADER = YES;
				GCC_PREFIX_HEADER = "src/support/cameo-Prefix.pch";
				OTHER_LDFLAGS = "-ObjC";
				PRODUCT_NAME = "$(TARGET_NAME)";
				PUBLIC_HEADERS_FOLDER_PATH = "$(TARGET_NAME)";
				SKIP_INSTALL = YES;
			};
			name = Debug;
		};
		C3B4201A1652CBB400005DC5 /* Release */ = {
			isa = XCBuildConfiguration;
			buildSettings = {
				DSTROOT = /tmp/cameo.dst;
				FRAMEWORK_SEARCH_PATHS = (
					"$(inherited)",
					"$(DEVELOPER_FRAMEWORKS_DIR)",
				);
				GCC_PRECOMPILE_PREFIX_HEADER = YES;
				GCC_PREFIX_HEADER = "src/support/cameo-Prefix.pch";
				OTHER_LDFLAGS = "-ObjC";
				PRODUCT_NAME = "$(TARGET_NAME)";
				PUBLIC_HEADERS_FOLDER_PATH = "$(TARGET_NAME)";
				SKIP_INSTALL = YES;
			};
			name = Release;
		};
/* End XCBuildConfiguration section */

/* Begin XCConfigurationList section */
		C2E4A7701B06094500603947 /* Build configuration list for PBXNativeTarget "cameo_test" */ = {
			isa = XCConfigurationList;
			buildConfigurations = (
				C2E4A7711B06094500603947 /* Debug */,
				C2E4A7721B06094500603947 /* Release */,
			);
			defaultConfigurationIsVisible = 0;
			defaultConfigurationName = Release;
		};
		C3B420041652CBB400005DC5 /* Build configuration list for PBXProject "cameo" */ = {
			isa = XCConfigurationList;
			buildConfigurations = (
				C3B420161652CBB400005DC5 /* Debug */,
				C3B420171652CBB400005DC5 /* Release */,
			);
			defaultConfigurationIsVisible = 0;
			defaultConfigurationName = Release;
		};
		C3B420181652CBB400005DC5 /* Build configuration list for PBXNativeTarget "cameo" */ = {
			isa = XCConfigurationList;
			buildConfigurations = (
				C3B420191652CBB400005DC5 /* Debug */,
				C3B4201A1652CBB400005DC5 /* Release */,
			);
			defaultConfigurationIsVisible = 0;
			defaultConfigurationName = Release;
		};
/* End XCConfigurationList section */
	};
	rootObject = C3B420011652CBB400005DC5 /* Project object */;
}
